
Microsoft Visual Studio Solution File, Format Version 12.00
# Visual Studio 15
VisualStudioVersion = 15.0.27130.2010
MinimumVisualStudioVersion = 10.0.40219.1
Project("{FAE04EC0-301F-11D3-BF4B-00C04F79EFBC}") = "MyWeb", "MyWeb\MyWeb.csproj", "{16420311-14A7-40FC-913E-3A1C1DEEF9FB}"
EndProject
Global
	GlobalSection(SolutionConfigurationPlatforms) = preSolution
		Debug|Any CPU = Debug|Any CPU
		Release|Any CPU = Release|Any CPU
	EndGlobalSection
	GlobalSection(ProjectConfigurationPlatforms) = postSolution
		{16420311-14A7-40FC-913E-3A1C1DEEF9FB}.Debug|Any CPU.ActiveCfg = Debug|Any CPU
		{16420311-14A7-40FC-913E-3A1C1DEEF9FB}.Debug|Any CPU.Build.0 = Debug|Any CPU
		{16420311-14A7-40FC-913E-3A1C1DEEF9FB}.Release|Any CPU.ActiveCfg = Release|Any CPU
		{16420311-14A7-40FC-913E-3A1C1DEEF9FB}.Release|Any CPU.Build.0 = Release|Any CPU
	EndGlobalSection
	GlobalSection(SolutionProperties) = preSolution
		HideSolutionNode = FALSE
	EndGlobalSection
	GlobalSection(ExtensibilityGlobals) = postSolution
		SolutionGuid = {9F6E9289-45B3-4990-A37C-B60BAC755651}
	EndGlobalSection
EndGlobal
